# @generated - this file is auto-generated by `mise lock` https://mise.jdx.dev/dev-tools/mise-lock.html

[[tools.gum]]
version = "0.17.0"
backend = "aqua:charmbracelet/gum"

[tools.gum."platforms.linux-arm64"]
checksum = "sha256:b0b9ed95cbf7c8b7073f17b9591811f5c001e33c7cfd066ca83ce8a07c576f9c"
url = "https://github.com/charmbracelet/gum/releases/download/v0.17.0/gum_0.17.0_Linux_arm64.tar.gz"

[tools.gum."platforms.linux-arm64-musl"]
checksum = "sha256:b0b9ed95cbf7c8b7073f17b9591811f5c001e33c7cfd066ca83ce8a07c576f9c"
url = "https://github.com/charmbracelet/gum/releases/download/v0.17.0/gum_0.17.0_Linux_arm64.tar.gz"

[tools.gum."platforms.linux-x64"]
checksum = "sha256:69ee169bd6387331928864e94d47ed01ef649fbfe875baed1bbf27b5377a6fdb"
url = "https://github.com/charmbracelet/gum/releases/download/v0.17.0/gum_0.17.0_Linux_x86_64.tar.gz"

[tools.gum."platforms.linux-x64-musl"]
checksum = "sha256:69ee169bd6387331928864e94d47ed01ef649fbfe875baed1bbf27b5377a6fdb"
url = "https://github.com/charmbracelet/gum/releases/download/v0.17.0/gum_0.17.0_Linux_x86_64.tar.gz"

[tools.gum."platforms.macos-arm64"]
checksum = "sha256:e2a4b8596efa05821d8c58d0c1afbcd7ad1699ba69c689cc3ff23a4a99c8b237"
url = "https://github.com/charmbracelet/gum/releases/download/v0.17.0/gum_0.17.0_Darwin_arm64.tar.gz"

[tools.gum."platforms.macos-x64"]
checksum = "sha256:cd66576aeebe6cd19c771863c7e8d696e0e1d5387d1e7075666baa67c2052e53"
url = "https://github.com/charmbracelet/gum/releases/download/v0.17.0/gum_0.17.0_Darwin_x86_64.tar.gz"

[tools.gum."platforms.windows-x64"]
checksum = "sha256:b2be80531c6babc8d4e0e6ca95773d58118a2e1582ae006aace08dbc55503072"
url = "https://github.com/charmbracelet/gum/releases/download/v0.17.0/gum_0.17.0_Windows_x86_64.zip"

[[tools.oxfmt]]
version = "0.43.0"
backend = "npm:oxfmt"

[[tools.prek]]
version = "0.3.8"
backend = "aqua:j178/prek"

[tools.prek."platforms.linux-arm64"]
checksum = "sha256:b88d96aef4ea84999d12958c390611d3a26194ee57225fe2ff15a9855e3a71bf"
url = "https://github.com/j178/prek/releases/download/v0.3.8/prek-aarch64-unknown-linux-musl.tar.gz"
provenance = "github-attestations"

[tools.prek."platforms.linux-arm64-musl"]
checksum = "sha256:b88d96aef4ea84999d12958c390611d3a26194ee57225fe2ff15a9855e3a71bf"
url = "https://github.com/j178/prek/releases/download/v0.3.8/prek-aarch64-unknown-linux-musl.tar.gz"
provenance = "github-attestations"

[tools.prek."platforms.linux-x64"]
checksum = "sha256:732cfb03960e6dfd5df2cb67906797aa8831750ef3a6f6340ec2b90ee8b7a59f"
url = "https://github.com/j178/prek/releases/download/v0.3.8/prek-x86_64-unknown-linux-musl.tar.gz"
provenance = "github-attestations"

[tools.prek."platforms.linux-x64-musl"]
checksum = "sha256:732cfb03960e6dfd5df2cb67906797aa8831750ef3a6f6340ec2b90ee8b7a59f"
url = "https://github.com/j178/prek/releases/download/v0.3.8/prek-x86_64-unknown-linux-musl.tar.gz"
provenance = "github-attestations"

[tools.prek."platforms.macos-arm64"]
checksum = "sha256:702fde4399fafb054ce85d0a64367689e3668b6475d732c4a46aae50cec0a4be"
url = "https://github.com/j178/prek/releases/download/v0.3.8/prek-aarch64-apple-darwin.tar.gz"
provenance = "github-attestations"

[tools.prek."platforms.macos-x64"]
checksum = "sha256:010198daf4e99a76d03a911973320542ffd7a04091cf7e86c60ac861187577f6"
url = "https://github.com/j178/prek/releases/download/v0.3.8/prek-x86_64-apple-darwin.tar.gz"
provenance = "github-attestations"

[tools.prek."platforms.windows-x64"]
checksum = "sha256:1da2735c31548dacd2751f90c15b5f643aa72f3053f366636f95153ee2c7186e"
url = "https://github.com/j178/prek/releases/download/v0.3.8/prek-x86_64-pc-windows-msvc.zip"
provenance = "github-attestations"

[[tools.python]]
version = "3.13.13"
backend = "core:python"

[tools.python."platforms.linux-arm64"]
checksum = "sha256:0556f1260a9a1fc83210dcecf9d4cbacf17eb4a684541c84798ffc8b4d618c35"
url = "https://github.com/astral-sh/python-build-standalone/releases/download/20260414/cpython-3.13.13+20260414-aarch64-unknown-linux-gnu-install_only_stripped.tar.gz"
provenance = "github-attestations"

[tools.python."platforms.linux-arm64-musl"]
checksum = "sha256:0556f1260a9a1fc83210dcecf9d4cbacf17eb4a684541c84798ffc8b4d618c35"
url = "https://github.com/astral-sh/python-build-standalone/releases/download/20260414/cpython-3.13.13+20260414-aarch64-unknown-linux-gnu-install_only_stripped.tar.gz"
provenance = "github-attestations"

[tools.python."platforms.linux-x64"]
checksum = "sha256:13d3b6d15f4c3c1dd1955a3c81e06bdc5aef4cb5cb65076878374948be3b0412"
url = "https://github.com/astral-sh/python-build-standalone/releases/download/20260414/cpython-3.13.13+20260414-x86_64-unknown-linux-gnu-install_only_stripped.tar.gz"
provenance = "github-attestations"

[tools.python."platforms.linux-x64-musl"]
checksum = "sha256:13d3b6d15f4c3c1dd1955a3c81e06bdc5aef4cb5cb65076878374948be3b0412"
url = "https://github.com/astral-sh/python-build-standalone/releases/download/20260414/cpython-3.13.13+20260414-x86_64-unknown-linux-gnu-install_only_stripped.tar.gz"
provenance = "github-attestations"

[tools.python."platforms.macos-arm64"]
checksum = "sha256:874f9931ad40dcce38caf6f408aa7e10ec3d0dfce2184ba7af62a965a66b9cd9"
url = "https://github.com/astral-sh/python-build-standalone/releases/download/20260414/cpython-3.13.13+20260414-aarch64-apple-darwin-install_only_stripped.tar.gz"
provenance = "github-attestations"

[tools.python."platforms.macos-x64"]
checksum = "sha256:d34198cd856fa80ebf3aa821fe329a25fab66eeda44f72ac9576591282e31bb7"
url = "https://github.com/astral-sh/python-build-standalone/releases/download/20260414/cpython-3.13.13+20260414-x86_64-apple-darwin-install_only_stripped.tar.gz"
provenance = "github-attestations"

[tools.python."platforms.windows-x64"]
checksum = "sha256:b84dce293464cfd366ee792a3d5b42abe5174fc9cce733ba895b3ef467cb3161"
url = "https://github.com/astral-sh/python-build-standalone/releases/download/20260414/cpython-3.13.13+20260414-x86_64-pc-windows-msvc-install_only_stripped.tar.gz"
provenance = "github-attestations"

[[tools.python]]
version = "3.13.13"
backend = "core:python"

[tools.python.options]
precompiled_os = "unknown-linux-musl"

[tools.python."platforms.linux-arm64-musl"]
checksum = "sha256:0556f1260a9a1fc83210dcecf9d4cbacf17eb4a684541c84798ffc8b4d618c35"
url = "https://github.com/astral-sh/python-build-standalone/releases/download/20260414/cpython-3.13.13+20260414-aarch64-unknown-linux-gnu-install_only_stripped.tar.gz"
provenance = "github-attestations"

[tools.python."platforms.linux-x64-musl"]
checksum = "sha256:13d3b6d15f4c3c1dd1955a3c81e06bdc5aef4cb5cb65076878374948be3b0412"
url = "https://github.com/astral-sh/python-build-standalone/releases/download/20260414/cpython-3.13.13+20260414-x86_64-unknown-linux-gnu-install_only_stripped.tar.gz"
provenance = "github-attestations"

[[tools.ruff]]
version = "0.15.10"
backend = "aqua:astral-sh/ruff"

[tools.ruff."platforms.linux-arm64"]
checksum = "sha256:84754f0e58f58fb123ea49b8d22b8ce2cc96e4046b7c1b1ed99f6af7fe76f8ef"
url = "https://github.com/astral-sh/ruff/releases/download/0.15.10/ruff-aarch64-unknown-linux-musl.tar.gz"
provenance = "github-attestations"

[tools.ruff."platforms.linux-arm64-musl"]
checksum = "sha256:84754f0e58f58fb123ea49b8d22b8ce2cc96e4046b7c1b1ed99f6af7fe76f8ef"
url = "https://github.com/astral-sh/ruff/releases/download/0.15.10/ruff-aarch64-unknown-linux-musl.tar.gz"
provenance = "github-attestations"

[tools.ruff."platforms.linux-x64"]
checksum = "sha256:8b0a16bae81e371c9b6176a27fdb9db1deaa04c4cfe87e8604a898cc31686500"
url = "https://github.com/astral-sh/ruff/releases/download/0.15.10/ruff-x86_64-unknown-linux-musl.tar.gz"
provenance = "github-attestations"

[tools.ruff."platforms.linux-x64-musl"]
checksum = "sha256:8b0a16bae81e371c9b6176a27fdb9db1deaa04c4cfe87e8604a898cc31686500"
url = "https://github.com/astral-sh/ruff/releases/download/0.15.10/ruff-x86_64-unknown-linux-musl.tar.gz"
provenance = "github-attestations"

[tools.ruff."platforms.macos-arm64"]
checksum = "sha256:77c1df502dcfaaec52c6ce203b504b8554c88ab66ac01313410fa68ad9aafd5b"
url = "https://github.com/astral-sh/ruff/releases/download/0.15.10/ruff-aarch64-apple-darwin.tar.gz"
provenance = "github-attestations"

[tools.ruff."platforms.macos-x64"]
checksum = "sha256:7210e06196de876771cc0bad0f1d57678e709d039f184b491fdaa600d6a95a5e"
url = "https://github.com/astral-sh/ruff/releases/download/0.15.10/ruff-x86_64-apple-darwin.tar.gz"
provenance = "github-attestations"

[tools.ruff."platforms.windows-x64"]
checksum = "sha256:6f8f9a445102107ee3c0a05c8f386bacb32238199ecbc0983b9b06c5ea3d7c5e"
url = "https://github.com/astral-sh/ruff/releases/download/0.15.10/ruff-x86_64-pc-windows-msvc.zip"
provenance = "github-attestations"

[[tools.tombi]]
version = "0.9.17"
backend = "aqua:tombi-toml/tombi"

[tools.tombi."platforms.linux-arm64"]
checksum = "sha256:d8e5e4655eab5d26932ed741b26cddf9ac017a3aef0da595f776259060fcd83f"
url = "https://github.com/tombi-toml/tombi/releases/download/v0.9.17/tombi-cli-0.9.17-aarch64-unknown-linux-musl.gz"

[tools.tombi."platforms.linux-arm64-musl"]
checksum = "sha256:d8e5e4655eab5d26932ed741b26cddf9ac017a3aef0da595f776259060fcd83f"
url = "https://github.com/tombi-toml/tombi/releases/download/v0.9.17/tombi-cli-0.9.17-aarch64-unknown-linux-musl.gz"

[tools.tombi."platforms.linux-x64"]
checksum = "sha256:e2924b9debcfb8f3ec91e149ded07126c507b04a7cc775253c859d2d1bd60f36"
url = "https://github.com/tombi-toml/tombi/releases/download/v0.9.17/tombi-cli-0.9.17-x86_64-unknown-linux-musl.gz"

[tools.tombi."platforms.linux-x64-musl"]
checksum = "sha256:e2924b9debcfb8f3ec91e149ded07126c507b04a7cc775253c859d2d1bd60f36"
url = "https://github.com/tombi-toml/tombi/releases/download/v0.9.17/tombi-cli-0.9.17-x86_64-unknown-linux-musl.gz"

[tools.tombi."platforms.macos-arm64"]
checksum = "sha256:11dc87c97bfa79da10922f377573509dcbeaf6794118d61baf45890a4c4a48df"
url = "https://github.com/tombi-toml/tombi/releases/download/v0.9.17/tombi-cli-0.9.17-aarch64-apple-darwin.gz"

[tools.tombi."platforms.macos-x64"]
checksum = "sha256:853a8d6da45b8af67fcdbaf56918895ec04b86733f44243eb8650b9fb258d594"
url = "https://github.com/tombi-toml/tombi/releases/download/v0.9.17/tombi-cli-0.9.17-x86_64-apple-darwin.gz"

[tools.tombi."platforms.windows-x64"]
checksum = "sha256:e84b23757c5d01dd175aaee4828497889a667a8344b289dce53bcfff7a1ab69c"
url = "https://github.com/tombi-toml/tombi/releases/download/v0.9.17/tombi-cli-0.9.17-x86_64-pc-windows-msvc.zip"

[[tools.uv]]
version = "0.11.6"
backend = "aqua:astral-sh/uv"

[tools.uv."platforms.linux-arm64"]
checksum = "sha256:d14ebd6f200047264152daaf97b8bd36c7885a5033e9e8bba8366cb0049c0d00"
url = "https://github.com/astral-sh/uv/releases/download/0.11.6/uv-aarch64-unknown-linux-musl.tar.gz"
provenance = "github-attestations"

[tools.uv."platforms.linux-arm64-musl"]
checksum = "sha256:d14ebd6f200047264152daaf97b8bd36c7885a5033e9e8bba8366cb0049c0d00"
url = "https://github.com/astral-sh/uv/releases/download/0.11.6/uv-aarch64-unknown-linux-musl.tar.gz"
provenance = "github-attestations"

[tools.uv."platforms.linux-x64"]
checksum = "sha256:aa342a53abe42364093506d7704214d2cdca30b916843e520bc67759a5d20132"
url = "https://github.com/astral-sh/uv/releases/download/0.11.6/uv-x86_64-unknown-linux-musl.tar.gz"
provenance = "github-attestations"

[tools.uv."platforms.linux-x64-musl"]
checksum = "sha256:aa342a53abe42364093506d7704214d2cdca30b916843e520bc67759a5d20132"
url = "https://github.com/astral-sh/uv/releases/download/0.11.6/uv-x86_64-unknown-linux-musl.tar.gz"
provenance = "github-attestations"

[tools.uv."platforms.macos-arm64"]
checksum = "sha256:4b69a4e366ec38cd5f305707de95e12951181c448679a00dce2a78868dfc9f5b"
url = "https://github.com/astral-sh/uv/releases/download/0.11.6/uv-aarch64-apple-darwin.tar.gz"
provenance = "github-attestations"

[tools.uv."platforms.macos-x64"]
checksum = "sha256:8e0ed5035eaa28c7c8cd2a46b5b9a05bfff1ef01dbdc090a010eb8fdf193a457"
url = "https://github.com/astral-sh/uv/releases/download/0.11.6/uv-x86_64-apple-darwin.tar.gz"
provenance = "github-attestations"

[tools.uv."platforms.windows-x64"]
checksum = "sha256:99aa60edd017a256dbf378f372d1cff3292dbc6696e0ea01716d9158d773ab77"
url = "https://github.com/astral-sh/uv/releases/download/0.11.6/uv-x86_64-pc-windows-msvc.zip"
provenance = "github-attestations"
